// !$*UTF8*$!
{
	archiveVersion = 1;
	classes = {
	};
	objectVersion = 48;
	objects = {

/* Begin PBXBuildFile section */
		062DB81B2085753500C176AD /* Extensions.swift in Sources */ = {isa = PBXBuildFile; fileRef = 062DB81A2085753500C176AD /* Extensions.swift */; };
		062DB81D20858AAB00C176AD /* GoogleService-Info.plist in Resources */ = {isa = PBXBuildFile; fileRef = 062DB81C20858AAB00C176AD /* GoogleService-Info.plist */; };
		062DB81F20858BFD00C176AD /* User.swift in Sources */ = {isa = PBXBuildFile; fileRef = 062DB81E20858BFD00C176AD /* User.swift */; };
		062DB8212085922E00C176AD /* ProfileController.swift in Sources */ = {isa = PBXBuildFile; fileRef = 062DB8202085922E00C176AD /* ProfileController.swift */; };
		062DB8232085A4F000C176AD /* ReviewController.swift in Sources */ = {isa = PBXBuildFile; fileRef = 062DB8222085A4F000C176AD /* ReviewController.swift */; };
		06510F42207C772A0023D9E0 /* AppDelegate.swift in Sources */ = {isa = PBXBuildFile; fileRef = 06510F41207C772A0023D9E0 /* AppDelegate.swift */; };
		06510F44207C772A0023D9E0 /* ViewController.swift in Sources */ = {isa = PBXBuildFile; fileRef = 06510F43207C772A0023D9E0 /* ViewController.swift */; };
		06510F47207C772A0023D9E0 /* Main.storyboard in Resources */ = {isa = PBXBuildFile; fileRef = 06510F45207C772A0023D9E0 /* Main.storyboard */; };
		06510F49207C772A0023D9E0 /* Assets.xcassets in Resources */ = {isa = PBXBuildFile; fileRef = 06510F48207C772A0023D9E0 /* Assets.xcassets */; };
		06510F4C207C772A0023D9E0 /* LaunchScreen.storyboard in Resources */ = {isa = PBXBuildFile; fileRef = 06510F4A207C772A0023D9E0 /* LaunchScreen.storyboard */; };
		06510F54207C77600023D9E0 /* MoviesViewController.swift in Sources */ = {isa = PBXBuildFile; fileRef = 06510F53207C77600023D9E0 /* MoviesViewController.swift */; };
		06510F56207C77740023D9E0 /* MovieKeys.swift in Sources */ = {isa = PBXBuildFile; fileRef = 06510F55207C77740023D9E0 /* MovieKeys.swift */; };
		06510F58207C79330023D9E0 /* DetailViews.swift in Sources */ = {isa = PBXBuildFile; fileRef = 06510F57207C79330023D9E0 /* DetailViews.swift */; };
		06833091207ED99800670755 /* LoginController.swift in Sources */ = {isa = PBXBuildFile; fileRef = 06833090207ED99800670755 /* LoginController.swift */; };
		951103BEFF0CE42ED38266F6 /* Pods_MovieListApp2.framework in Frameworks */ = {isa = PBXBuildFile; fileRef = 05D211ED0FA60FA84950378B /* Pods_MovieListApp2.framework */; };
/* End PBXBuildFile section */

/* Begin PBXFileReference section */
		05D211ED0FA60FA84950378B /* Pods_MovieListApp2.framework */ = {isa = PBXFileReference; explicitFileType = wrapper.framework; includeInIndex = 0; path = Pods_MovieListApp2.framework; sourceTree = BUILT_PRODUCTS_DIR; };
		062DB81A2085753500C176AD /* Extensions.swift */ = {isa = PBXFileReference; lastKnownFileType = sourcecode.swift; path = Extensions.swift; sourceTree = "<group>"; };
		062DB81C20858AAB00C176AD /* GoogleService-Info.plist */ = {isa = PBXFileReference; fileEncoding = 4; lastKnownFileType = text.plist.xml; path = "GoogleService-Info.plist"; sourceTree = "<group>"; };
		062DB81E20858BFD00C176AD /* User.swift */ = {isa = PBXFileReference; lastKnownFileType = sourcecode.swift; path = User.swift; sourceTree = "<group>"; };
		062DB8202085922E00C176AD /* ProfileController.swift */ = {isa = PBXFileReference; lastKnownFileType = sourcecode.swift; path = ProfileController.swift; sourceTree = "<group>"; };
		062DB8222085A4F000C176AD /* ReviewController.swift */ = {isa = PBXFileReference; lastKnownFileType = sourcecode.swift; path = ReviewController.swift; sourceTree = "<group>"; };
		06510F3E207C772A0023D9E0 /* MovieListApp2.app */ = {isa = PBXFileReference; explicitFileType = wrapper.application; includeInIndex = 0; path = MovieListApp2.app; sourceTree = BUILT_PRODUCTS_DIR; };
		06510F41207C772A0023D9E0 /* AppDelegate.swift */ = {isa = PBXFileReference; lastKnownFileType = sourcecode.swift; path = AppDelegate.swift; sourceTree = "<group>"; };
		06510F43207C772A0023D9E0 /* ViewController.swift */ = {isa = PBXFileReference; lastKnownFileType = sourcecode.swift; path = ViewController.swift; sourceTree = "<group>"; };
		06510F46207C772A0023D9E0 /* Base */ = {isa = PBXFileReference; lastKnownFileType = file.storyboard; name = Base; path = Base.lproj/Main.storyboard; sourceTree = "<group>"; };
		06510F48207C772A0023D9E0 /* Assets.xcassets */ = {isa = PBXFileReference; lastKnownFileType = folder.assetcatalog; path = Assets.xcassets; sourceTree = "<group>"; };
		06510F4B207C772A0023D9E0 /* Base */ = {isa = PBXFileReference; lastKnownFileType = file.storyboard; name = Base; path = Base.lproj/LaunchScreen.storyboard; sourceTree = "<group>"; };
		06510F4D207C772A0023D9E0 /* Info.plist */ = {isa = PBXFileReference; lastKnownFileType = text.plist.xml; path = Info.plist; sourceTree = "<group>"; };
		06510F53207C77600023D9E0 /* MoviesViewController.swift */ = {isa = PBXFileReference; lastKnownFileType = sourcecode.swift; path = MoviesViewController.swift; sourceTree = "<group>"; };
		06510F55207C77740023D9E0 /* MovieKeys.swift */ = {isa = PBXFileReference; lastKnownFileType = sourcecode.swift; path = MovieKeys.swift; sourceTree = "<group>"; };
		06510F57207C79330023D9E0 /* DetailViews.swift */ = {isa = PBXFileReference; lastKnownFileType = sourcecode.swift; path = DetailViews.swift; sourceTree = "<group>"; };
		06833090207ED99800670755 /* LoginController.swift */ = {isa = PBXFileReference; lastKnownFileType = sourcecode.swift; path = LoginController.swift; sourceTree = "<group>"; };
		7795457737164377EFB944D6 /* Pods-MovieListApp2.debug.xcconfig */ = {isa = PBXFileReference; includeInIndex = 1; lastKnownFileType = text.xcconfig; name = "Pods-MovieListApp2.debug.xcconfig"; path = "Pods/Target Support Files/Pods-MovieListApp2/Pods-MovieListApp2.debug.xcconfig"; sourceTree = "<group>"; };
		D7D0E6C3EFF1AFEFD416DBD0 /* Pods-MovieListApp2.release.xcconfig */ = {isa = PBXFileReference; includeInIndex = 1; lastKnownFileType = text.xcconfig; name = "Pods-MovieListApp2.release.xcconfig"; path = "Pods/Target Support Files/Pods-MovieListApp2/Pods-MovieListApp2.release.xcconfig"; sourceTree = "<group>"; };
/* End PBXFileReference section */

/* Begin PBXFrameworksBuildPhase section */
		06510F3B207C772A0023D9E0 /* Frameworks */ = {
			isa = PBXFrameworksBuildPhase;
			buildActionMask = 2147483647;
			files = (
				951103BEFF0CE42ED38266F6 /* Pods_MovieListApp2.framework in Frameworks */,
			);
			runOnlyForDeploymentPostprocessing = 0;
		};
/* End PBXFrameworksBuildPhase section */

/* Begin PBXGroup section */
		06510F35207C772A0023D9E0 = {
			isa = PBXGroup;
			children = (
				06510F40207C772A0023D9E0 /* MovieListApp2 */,
				06510F3F207C772A0023D9E0 /* Products */,
				57E6267E56DE969E6A701A0B /* Pods */,
				3DC049975764500F037BDDDE /* Frameworks */,
			);
			sourceTree = "<group>";
		};
		06510F3F207C772A0023D9E0 /* Products */ = {
			isa = PBXGroup;
			children = (
				06510F3E207C772A0023D9E0 /* MovieListApp2.app */,
			);
			name = Products;
			sourceTree = "<group>";
		};
		06510F40207C772A0023D9E0 /* MovieListApp2 */ = {
			isa = PBXGroup;
			children = (
				062DB81C20858AAB00C176AD /* GoogleService-Info.plist */,
				06510F41207C772A0023D9E0 /* AppDelegate.swift */,
				06510F43207C772A0023D9E0 /* ViewController.swift */,
				06510F45207C772A0023D9E0 /* Main.storyboard */,
				06510F48207C772A0023D9E0 /* Assets.xcassets */,
				06510F4A207C772A0023D9E0 /* LaunchScreen.storyboard */,
				06510F4D207C772A0023D9E0 /* Info.plist */,
				06510F53207C77600023D9E0 /* MoviesViewController.swift */,
				06510F55207C77740023D9E0 /* MovieKeys.swift */,
				06510F57207C79330023D9E0 /* DetailViews.swift */,
				06833090207ED99800670755 /* LoginController.swift */,
				062DB81A2085753500C176AD /* Extensions.swift */,
				062DB81E20858BFD00C176AD /* User.swift */,
				062DB8202085922E00C176AD /* ProfileController.swift */,
				062DB8222085A4F000C176AD /* ReviewController.swift */,
			);
			path = MovieListApp2;
			sourceTree = "<group>";
		};
		3DC049975764500F037BDDDE /* Frameworks */ = {
			isa = PBXGroup;
			children = (
				05D211ED0FA60FA84950378B /* Pods_MovieListApp2.framework */,
			);
			name = Frameworks;
			sourceTree = "<group>";
		};
		57E6267E56DE969E6A701A0B /* Pods */ = {
			isa = PBXGroup;
			children = (
				7795457737164377EFB944D6 /* Pods-MovieListApp2.debug.xcconfig */,
				D7D0E6C3EFF1AFEFD416DBD0 /* Pods-MovieListApp2.release.xcconfig */,
			);
			name = Pods;
			sourceTree = "<group>";
		};
/* End PBXGroup section */

/* Begin PBXNativeTarget section */
		06510F3D207C772A0023D9E0 /* MovieListApp2 */ = {
			isa = PBXNativeTarget;
			buildConfigurationList = 06510F50207C772A0023D9E0 /* Build configuration list for PBXNativeTarget "MovieListApp2" */;
			buildPhases = (
				E6157E8674D1455F8ED449C5 /* [CP] Check Pods Manifest.lock */,
				06510F3A207C772A0023D9E0 /* Sources */,
				06510F3B207C772A0023D9E0 /* Frameworks */,
				06510F3C207C772A0023D9E0 /* Resources */,
				9ACF83609A721EE002B3912A /* [CP] Embed Pods Frameworks */,
			);
			buildRules = (
			);
			dependencies = (
			);
			name = MovieListApp2;
			productName = MovieListApp2;
			productReference = 06510F3E207C772A0023D9E0 /* MovieListApp2.app */;
			productType = "com.apple.product-type.application";
		};
/* End PBXNativeTarget section */

/* Begin PBXProject section */
		06510F36207C772A0023D9E0 /* Project object */ = {
			isa = PBXProject;
			attributes = {
				LastSwiftUpdateCheck = 0920;
				LastUpgradeCheck = 0920;
				ORGANIZATIONNAME = GeriMadanguit;
				TargetAttributes = {
					06510F3D207C772A0023D9E0 = {
						CreatedOnToolsVersion = 9.2;
						ProvisioningStyle = Automatic;
					};
				};
			};
			buildConfigurationList = 06510F39207C772A0023D9E0 /* Build configuration list for PBXProject "MovieListApp2" */;
			compatibilityVersion = "Xcode 8.0";
			developmentRegion = en;
			hasScannedForEncodings = 0;
			knownRegions = (
				en,
				Base,
			);
			mainGroup = 06510F35207C772A0023D9E0;
			productRefGroup = 06510F3F207C772A0023D9E0 /* Products */;
			projectDirPath = "";
			projectRoot = "";
			targets = (
				06510F3D207C772A0023D9E0 /* MovieListApp2 */,
			);
		};
/* End PBXProject section */

/* Begin PBXResourcesBuildPhase section */
		06510F3C207C772A0023D9E0 /* Resources */ = {
			isa = PBXResourcesBuildPhase;
			buildActionMask = 2147483647;
			files = (
				06510F4C207C772A0023D9E0 /* LaunchScreen.storyboard in Resources */,
				062DB81D20858AAB00C176AD /* GoogleService-Info.plist in Resources */,
				06510F49207C772A0023D9E0 /* Assets.xcassets in Resources */,
				06510F47207C772A0023D9E0 /* Main.storyboard in Resources */,
			);
			runOnlyForDeploymentPostprocessing = 0;
		};
/* End PBXResourcesBuildPhase section */

/* Begin PBXShellScriptBuildPhase section */
		9ACF83609A721EE002B3912A /* [CP] Embed Pods Frameworks */ = {
			isa = PBXShellScriptBuildPhase;
			buildActionMask = 2147483647;
			files = (
			);
			inputPaths = (
				"${SRCROOT}/Pods/Target Support Files/Pods-MovieListApp2/Pods-MovieListApp2-frameworks.sh",
				"${BUILT_PRODUCTS_DIR}/GTMSessionFetcher/GTMSessionFetcher.framework",
				"${BUILT_PRODUCTS_DIR}/GoogleToolboxForMac/GoogleToolboxForMac.framework",
				"${BUILT_PRODUCTS_DIR}/leveldb-library/leveldb.framework",
				"${BUILT_PRODUCTS_DIR}/nanopb/nanopb.framework",
			);
			name = "[CP] Embed Pods Frameworks";
			outputPaths = (
				"${TARGET_BUILD_DIR}/${FRAMEWORKS_FOLDER_PATH}/GTMSessionFetcher.framework",
				"${TARGET_BUILD_DIR}/${FRAMEWORKS_FOLDER_PATH}/GoogleToolboxForMac.framework",
				"${TARGET_BUILD_DIR}/${FRAMEWORKS_FOLDER_PATH}/leveldb.framework",
				"${TARGET_BUILD_DIR}/${FRAMEWORKS_FOLDER_PATH}/nanopb.framework",
			);
			runOnlyForDeploymentPostprocessing = 0;
			shellPath = /bin/sh;
			shellScript = "\"${SRCROOT}/Pods/Target Support Files/Pods-MovieListApp2/Pods-MovieListApp2-frameworks.sh\"\n";
			showEnvVarsInLog = 0;
		};
		E6157E8674D1455F8ED449C5 /* [CP] Check Pods Manifest.lock */ = {
			isa = PBXShellScriptBuildPhase;
			buildActionMask = 2147483647;
			files = (
			);
			inputPaths = (
				"${PODS_PODFILE_DIR_PATH}/Podfile.lock",
				"${PODS_ROOT}/Manifest.lock",
			);
			name = "[CP] Check Pods Manifest.lock";
			outputPaths = (
				"$(DERIVED_FILE_DIR)/Pods-MovieListApp2-checkManifestLockResult.txt",
			);
			runOnlyForDeploymentPostprocessing = 0;
			shellPath = /bin/sh;
			shellScript = "diff \"${PODS_PODFILE_DIR_PATH}/Podfile.lock\" \"${PODS_ROOT}/Manifest.lock\" > /dev/null\nif [ $? != 0 ] ; then\n    # print error to STDERR\n    echo \"error: The sandbox is not in sync with the Podfile.lock. Run 'pod install' or update your CocoaPods installation.\" >&2\n    exit 1\nfi\n# This output is used by Xcode 'outputs' to avoid re-running this script phase.\necho \"SUCCESS\" > \"${SCRIPT_OUTPUT_FILE_0}\"\n";
			showEnvVarsInLog = 0;
		};
/* End PBXShellScriptBuildPhase section */

/* Begin PBXSourcesBuildPhase section */
		06510F3A207C772A0023D9E0 /* Sources */ = {
			isa = PBXSourcesBuildPhase;
			buildActionMask = 2147483647;
			files = (
				06510F44207C772A0023D9E0 /* ViewController.swift in Sources */,
				06833091207ED99800670755 /* LoginController.swift in Sources */,
				062DB81B2085753500C176AD /* Extensions.swift in Sources */,
				062DB8232085A4F000C176AD /* ReviewController.swift in Sources */,
				06510F58207C79330023D9E0 /* DetailViews.swift in Sources */,
				062DB8212085922E00C176AD /* ProfileController.swift in Sources */,
				062DB81F20858BFD00C176AD /* User.swift in Sources */,
				06510F42207C772A0023D9E0 /* AppDelegate.swift in Sources */,
				06510F56207C77740023D9E0 /* MovieKeys.swift in Sources */,
				06510F54207C77600023D9E0 /* MoviesViewController.swift in Sources */,
			);
			runOnlyForDeploymentPostprocessing = 0;
		};
/* End PBXSourcesBuildPhase section */

/* Begin PBXVariantGroup section */
		06510F45207C772A0023D9E0 /* Main.storyboard */ = {
			isa = PBXVariantGroup;
			children = (
				06510F46207C772A0023D9E0 /* Base */,
			);
			name = Main.storyboard;
			sourceTree = "<group>";
		};
		06510F4A207C772A0023D9E0 /* LaunchScreen.storyboard */ = {
			isa = PBXVariantGroup;
			children = (
				06510F4B207C772A0023D9E0 /* Base */,
			);
			name = LaunchScreen.storyboard;
			sourceTree = "<group>";
		};
/* End PBXVariantGroup section */

/* Begin XCBuildConfiguration section */
		06510F4E207C772A0023D9E0 /* Debug */ = {
			isa = XCBuildConfiguration;
			buildSettings = {
				ALWAYS_SEARCH_USER_PATHS = NO;
				CLANG_ANALYZER_NONNULL = YES;
				CLANG_ANALYZER_NUMBER_OBJECT_CONVERSION = YES_AGGRESSIVE;
				CLANG_CXX_LANGUAGE_STANDARD = "gnu++14";
				CLANG_CXX_LIBRARY = "libc++";
				CLANG_ENABLE_MODULES = YES;
				CLANG_ENABLE_OBJC_ARC = YES;
				CLANG_WARN_BLOCK_CAPTURE_AUTORELEASING = YES;
				CLANG_WARN_BOOL_CONVERSION = YES;
				CLANG_WARN_COMMA = YES;
				CLANG_WARN_CONSTANT_CONVERSION = YES;
				CLANG_WARN_DIRECT_OBJC_ISA_USAGE = YES_ERROR;
				CLANG_WARN_DOCUMENTATION_COMMENTS = YES;
				CLANG_WARN_EMPTY_BODY = YES;
				CLANG_WARN_ENUM_CONVERSION = YES;
				CLANG_WARN_INFINITE_RECURSION = YES;
				CLANG_WARN_INT_CONVERSION = YES;
				CLANG_WARN_NON_LITERAL_NULL_CONVERSION = YES;
				CLANG_WARN_OBJC_LITERAL_CONVERSION = YES;
				CLANG_WARN_OBJC_ROOT_CLASS = YES_ERROR;
				CLANG_WARN_RANGE_LOOP_ANALYSIS = YES;
				CLANG_WARN_STRICT_PROTOTYPES = YES;
				CLANG_WARN_SUSPICIOUS_MOVE = YES;
				CLANG_WARN_UNGUARDED_AVAILABILITY = YES_AGGRESSIVE;
				CLANG_WARN_UNREACHABLE_CODE = YES;
				CLANG_WARN__DUPLICATE_METHOD_MATCH = YES;
				CODE_SIGN_IDENTITY = "iPhone Developer";
				COPY_PHASE_STRIP = NO;
				DEBUG_INFORMATION_FORMAT = dwarf;
				ENABLE_STRICT_OBJC_MSGSEND = YES;
				ENABLE_TESTABILITY = YES;
				GCC_C_LANGUAGE_STANDARD = gnu11;
				GCC_DYNAMIC_NO_PIC = NO;
				GCC_NO_COMMON_BLOCKS = YES;
				GCC_OPTIMIZATION_LEVEL = 0;
				GCC_PREPROCESSOR_DEFINITIONS = (
					"DEBUG=1",
					"$(inherited)",
				);
				GCC_WARN_64_TO_32_BIT_CONVERSION = YES;
				GCC_WARN_ABOUT_RETURN_TYPE = YES_ERROR;
				GCC_WARN_UNDECLARED_SELECTOR = YES;
				GCC_WARN_UNINITIALIZED_AUTOS = YES_AGGRESSIVE;
				GCC_WARN_UNUSED_FUNCTION = YES;
				GCC_WARN_UNUSED_VARIABLE = YES;
				IPHONEOS_DEPLOYMENT_TARGET = 11.2;
				MTL_ENABLE_DEBUG_INFO = YES;
				ONLY_ACTIVE_ARCH = YES;
				SDKROOT = iphoneos;
				SWIFT_ACTIVE_COMPILATION_CONDITIONS = DEBUG;
				SWIFT_OPTIMIZATION_LEVEL = "-Onone";
			};
			name = Debug;
		};
		06510F4F207C772A0023D9E0 /* Release */ = {
			isa = XCBuildConfiguration;
			buildSettings = {
				ALWAYS_SEARCH_USER_PATHS = NO;
				CLANG_ANALYZER_NONNULL = YES;
				CLANG_ANALYZER_NUMBER_OBJECT_CONVERSION = YES_AGGRESSIVE;
				CLANG_CXX_LANGUAGE_STANDARD = "gnu++14";
				CLANG_CXX_LIBRARY = "libc++";
				CLANG_ENABLE_MODULES = YES;
				CLANG_ENABLE_OBJC_ARC = YES;
				CLANG_WARN_BLOCK_CAPTURE_AUTORELEASING = YES;
				CLANG_WARN_BOOL_CONVERSION = YES;
				CLANG_WARN_COMMA = YES;
				CLANG_WARN_CONSTANT_CONVERSION = YES;
				CLANG_WARN_DIRECT_OBJC_ISA_USAGE = YES_ERROR;
				CLANG_WARN_DOCUMENTATION_COMMENTS = YES;
				CLANG_WARN_EMPTY_BODY = YES;
				CLANG_WARN_ENUM_CONVERSION = YES;
				CLANG_WARN_INFINITE_RECURSION = YES;
				CLANG_WARN_INT_CONVERSION = YES;
				CLANG_WARN_NON_LITERAL_NULL_CONVERSION = YES;
				CLANG_WARN_OBJC_LITERAL_CONVERSION = YES;
				CLANG_WARN_OBJC_ROOT_CLASS = YES_ERROR;
				CLANG_WARN_RANGE_LOOP_ANALYSIS = YES;
				CLANG_WARN_STRICT_PROTOTYPES = YES;
				CLANG_WARN_SUSPICIOUS_MOVE = YES;
				CLANG_WARN_UNGUARDED_AVAILABILITY = YES_AGGRESSIVE;
				CLANG_WARN_UNREACHABLE_CODE = YES;
				CLANG_WARN__DUPLICATE_METHOD_MATCH = YES;
				CODE_SIGN_IDENTITY = "iPhone Developer";
				COPY_PHASE_STRIP = NO;
				DEBUG_INFORMATION_FORMAT = "dwarf-with-dsym";
				ENABLE_NS_ASSERTIONS = NO;
				ENABLE_STRICT_OBJC_MSGSEND = YES;
				GCC_C_LANGUAGE_STANDARD = gnu11;
				GCC_NO_COMMON_BLOCKS = YES;
				GCC_WARN_64_TO_32_BIT_CONVERSION = YES;
				GCC_WARN_ABOUT_RETURN_TYPE = YES_ERROR;
				GCC_WARN_UNDECLARED_SELECTOR = YES;
				GCC_WARN_UNINITIALIZED_AUTOS = YES_AGGRESSIVE;
				GCC_WARN_UNUSED_FUNCTION = YES;
				GCC_WARN_UNUSED_VARIABLE = YES;
				IPHONEOS_DEPLOYMENT_TARGET = 11.2;
				MTL_ENABLE_DEBUG_INFO = NO;
				SDKROOT = iphoneos;
				SWIFT_OPTIMIZATION_LEVEL = "-Owholemodule";
				VALIDATE_PRODUCT = YES;
			};
			name = Release;
		};
		06510F51207C772A0023D9E0 /* Debug */ = {
			isa = XCBuildConfiguration;
			baseConfigurationReference = 7795457737164377EFB944D6 /* Pods-MovieListApp2.debug.xcconfig */;
			buildSettings = {
				ASSETCATALOG_COMPILER_APPICON_NAME = AppIcon;
				CODE_SIGN_STYLE = Automatic;
				DEVELOPMENT_TEAM = UDG5S46DP3;
				INFOPLIST_FILE = MovieListApp2/Info.plist;
				LD_RUNPATH_SEARCH_PATHS = "$(inherited) @executable_path/Frameworks";
				PRODUCT_BUNDLE_IDENTIFIER = GeriMadanguit.MovieListApp2;
				PRODUCT_NAME = "$(TARGET_NAME)";
				SWIFT_VERSION = 4.0;
				TARGETED_DEVICE_FAMILY = "1,2";
			};
			name = Debug;
		};
		06510F52207C772A0023D9E0 /* Release */ = {
			isa = XCBuildConfiguration;
			baseConfigurationReference = D7D0E6C3EFF1AFEFD416DBD0 /* Pods-MovieListApp2.release.xcconfig */;
			buildSettings = {
				ASSETCATALOG_COMPILER_APPICON_NAME = AppIcon;
				CODE_SIGN_STYLE = Automatic;
				DEVELOPMENT_TEAM = UDG5S46DP3;
				INFOPLIST_FILE = MovieListApp2/Info.plist;
				LD_RUNPATH_SEARCH_PATHS = "$(inherited) @executable_path/Frameworks";
				PRODUCT_BUNDLE_IDENTIFIER = GeriMadanguit.MovieListApp2;
				PRODUCT_NAME = "$(TARGET_NAME)";
				SWIFT_VERSION = 4.0;
				TARGETED_DEVICE_FAMILY = "1,2";
			};
			name = Release;
		};
/* End XCBuildConfiguration section */

/* Begin XCConfigurationList section */
		06510F39207C772A0023D9E0 /* Build configuration list for PBXProject "MovieListApp2" */ = {
			isa = XCConfigurationList;
			buildConfigurations = (
				06510F4E207C772A0023D9E0 /* Debug */,
				06510F4F207C772A0023D9E0 /* Release */,
			);
			defaultConfigurationIsVisible = 0;
			defaultConfigurationName = Release;
		};
		06510F50207C772A0023D9E0 /* Build configuration list for PBXNativeTarget "MovieListApp2" */ = {
			isa = XCConfigurationList;
			buildConfigurations = (
				06510F51207C772A0023D9E0 /* Debug */,
				06510F52207C772A0023D9E0 /* Release */,
			);
			defaultConfigurationIsVisible = 0;
			defaultConfigurationName = Release;
		};
/* End XCConfigurationList section */
	};
	rootObject = 06510F36207C772A0023D9E0 /* Project object */;
}
